// !$*UTF8*$!
{
	archiveVersion = 1;
	classes = {
	};
	objectVersion = 46;
	objects = {

/* Begin PBXBuildFile section */
		DB64DCDD1C58D52900B8A8EA /* AppDelegate.swift in Sources */ = {isa = PBXBuildFile; fileRef = DB64DCDC1C58D52900B8A8EA /* AppDelegate.swift */; };
		DB64DCDF1C58D52900B8A8EA /* ViewController.swift in Sources */ = {isa = PBXBuildFile; fileRef = DB64DCDE1C58D52900B8A8EA /* ViewController.swift */; };
		DB64DCE21C58D52900B8A8EA /* Main.storyboard in Resources */ = {isa = PBXBuildFile; fileRef = DB64DCE01C58D52900B8A8EA /* Main.storyboard */; };
		DB64DCE41C58D52900B8A8EA /* Assets.xcassets in Resources */ = {isa = PBXBuildFile; fileRef = DB64DCE31C58D52900B8A8EA /* Assets.xcassets */; };
		DB64DCE71C58D52900B8A8EA /* LaunchScreen.storyboard in Resources */ = {isa = PBXBuildFile; fileRef = DB64DCE51C58D52900B8A8EA /* LaunchScreen.storyboard */; };
/* End PBXBuildFile section */

/* Begin PBXFileReference section */
		DB64DCD91C58D52900B8A8EA /* LocationDemo.app */ = {isa = PBXFileReference; explicitFileType = wrapper.application; includeInIndex = 0; path = LocationDemo.app; sourceTree = BUILT_PRODUCTS_DIR; };
		DB64DCDC1C58D52900B8A8EA /* AppDelegate.swift */ = {isa = PBXFileReference; lastKnownFileType = sourcecode.swift; path = AppDelegate.swift; sourceTree = "<group>"; };
		DB64DCDE1C58D52900B8A8EA /* ViewController.swift */ = {isa = PBXFileReference; lastKnownFileType = sourcecode.swift; path = ViewController.swift; sourceTree = "<group>"; };
		DB64DCE11C58D52900B8A8EA /* Base */ = {isa = PBXFileReference; lastKnownFileType = file.storyboard; name = Base; path = Base.lproj/Main.storyboard; sourceTree = "<group>"; };
		DB64DCE31C58D52900B8A8EA /* Assets.xcassets */ = {isa = PBXFileReference; lastKnownFileType = folder.assetcatalog; path = Assets.xcassets; sourceTree = "<group>"; };
		DB64DCE61C58D52900B8A8EA /* Base */ = {isa = PBXFileReference; lastKnownFileType = file.storyboard; name = Base; path = Base.lproj/LaunchScreen.storyboard; sourceTree = "<group>"; };
		DB64DCE81C58D52900B8A8EA /* Info.plist */ = {isa = PBXFileReference; lastKnownFileType = text.plist.xml; path = Info.plist; sourceTree = "<group>"; };
/* End PBXFileReference section */

/* Begin PBXFrameworksBuildPhase section */
		DB64DCD61C58D52900B8A8EA /* Frameworks */ = {
			isa = PBXFrameworksBuildPhase;
			buildActionMask = 2147483647;
			files = (
			);
			runOnlyForDeploymentPostprocessing = 0;
		};
/* End PBXFrameworksBuildPhase section */

/* Begin PBXGroup section */
		DB64DCD01C58D52900B8A8EA = {
			isa = PBXGroup;
			children = (
				DB64DCDB1C58D52900B8A8EA /* LocationDemo */,
				DB64DCDA1C58D52900B8A8EA /* Products */,
			);
			sourceTree = "<group>";
		};
		DB64DCDA1C58D52900B8A8EA /* Products */ = {
			isa = PBXGroup;
			children = (
				DB64DCD91C58D52900B8A8EA /* LocationDemo.app */,
			);
			name = Products;
			sourceTree = "<group>";
		};
		DB64DCDB1C58D52900B8A8EA /* LocationDemo */ = {
			isa = PBXGroup;
			children = (
				DB64DCDC1C58D52900B8A8EA /* AppDelegate.swift */,
				DB64DCDE1C58D52900B8A8EA /* ViewController.swift */,
				DB64DCE01C58D52900B8A8EA /* Main.storyboard */,
				DB64DCE31C58D52900B8A8EA /* Assets.xcassets */,
				DB64DCE51C58D52900B8A8EA /* LaunchScreen.storyboard */,
				DB64DCE81C58D52900B8A8EA /* Info.plist */,
			);
			path = LocationDemo;
			sourceTree = "<group>";
		};
/* End PBXGroup section */

/* Begin PBXNativeTarget section */
		DB64DCD81C58D52900B8A8EA /* LocationDemo */ = {
			isa = PBXNativeTarget;
			buildConfigurationList = DB64DCEB1C58D52900B8A8EA /* Build configuration list for PBXNativeTarget "LocationDemo" */;
			buildPhases = (
				DB64DCD51C58D52900B8A8EA /* Sources */,
				DB64DCD61C58D52900B8A8EA /* Frameworks */,
				DB64DCD71C58D52900B8A8EA /* Resources */,
			);
			buildRules = (
			);
			dependencies = (
			);
			name = LocationDemo;
			productName = LocationDemo;
			productReference = DB64DCD91C58D52900B8A8EA /* LocationDemo.app */;
			productType = "com.apple.product-type.application";
		};
/* End PBXNativeTarget section */

/* Begin PBXProject section */
		DB64DCD11C58D52900B8A8EA /* Project object */ = {
			isa = PBXProject;
			attributes = {
				LastSwiftUpdateCheck = 0720;
				LastUpgradeCheck = 0720;
				ORGANIZATIONNAME = NSNirvana;
				TargetAttributes = {
					DB64DCD81C58D52900B8A8EA = {
						CreatedOnToolsVersion = 7.2;
						DevelopmentTeam = QYV353CYL3;
					};
				};
			};
			buildConfigurationList = DB64DCD41C58D52900B8A8EA /* Build configuration list for PBXProject "LocationDemo" */;
			compatibilityVersion = "Xcode 3.2";
			developmentRegion = English;
			hasScannedForEncodings = 0;
			knownRegions = (
				en,
				Base,
			);
			mainGroup = DB64DCD01C58D52900B8A8EA;
			productRefGroup = DB64DCDA1C58D52900B8A8EA /* Products */;
			projectDirPath = "";
			projectRoot = "";
			targets = (
				DB64DCD81C58D52900B8A8EA /* LocationDemo */,
			);
		};
/* End PBXProject section */

/* Begin PBXResourcesBuildPhase section */
		DB64DCD71C58D52900B8A8EA /* Resources */ = {
			isa = PBXResourcesBuildPhase;
			buildActionMask = 2147483647;
			files = (
				DB64DCE71C58D52900B8A8EA /* LaunchScreen.storyboard in Resources */,
				DB64DCE41C58D52900B8A8EA /* Assets.xcassets in Resources */,
				DB64DCE21C58D52900B8A8EA /* Main.storyboard in Resources */,
			);
			runOnlyForDeploymentPostprocessing = 0;
		};
/* End PBXResourcesBuildPhase section */

/* Begin PBXSourcesBuildPhase section */
		DB64DCD51C58D52900B8A8EA /* Sources */ = {
			isa = PBXSourcesBuildPhase;
			buildActionMask = 2147483647;
			files = (
				DB64DCDF1C58D52900B8A8EA /* ViewController.swift in Sources */,
				DB64DCDD1C58D52900B8A8EA /* AppDelegate.swift in Sources */,
			);
			runOnlyForDeploymentPostprocessing = 0;
		};
/* End PBXSourcesBuildPhase section */

/* Begin PBXVariantGroup section */
		DB64DCE01C58D52900B8A8EA /* Main.storyboard */ = {
			isa = PBXVariantGroup;
			children = (
				DB64DCE11C58D52900B8A8EA /* Base */,
			);
			name = Main.storyboard;
			sourceTree = "<group>";
		};
		DB64DCE51C58D52900B8A8EA /* LaunchScreen.storyboard */ = {
			isa = PBXVariantGroup;
			children = (
				DB64DCE61C58D52900B8A8EA /* Base */,
			);
			name = LaunchScreen.storyboard;
			sourceTree = "<group>";
		};
/* End PBXVariantGroup section */

/* Begin XCBuildConfiguration section */
		DB64DCE91C58D52900B8A8EA /* Debug */ = {
			isa = XCBuildConfiguration;
			buildSettings = {
				ALWAYS_SEARCH_USER_PATHS = NO;
				CLANG_CXX_LANGUAGE_STANDARD = "gnu++0x";
				CLANG_CXX_LIBRARY = "libc++";
				CLANG_ENABLE_MODULES = YES;
				CLANG_ENABLE_OBJC_ARC = YES;
				CLANG_WARN_BOOL_CONVERSION = YES;
				CLANG_WARN_CONSTANT_CONVERSION = YES;
				CLANG_WARN_DIRECT_OBJC_ISA_USAGE = YES_ERROR;
				CLANG_WARN_EMPTY_BODY = YES;
				CLANG_WARN_ENUM_CONVERSION = YES;
				CLANG_WARN_INT_CONVERSION = YES;
				CLANG_WARN_OBJC_ROOT_CLASS = YES_ERROR;
				CLANG_WARN_UNREACHABLE_CODE = YES;
				CLANG_WARN__DUPLICATE_METHOD_MATCH = YES;
				"CODE_SIGN_IDENTITY[sdk=iphoneos*]" = "iPhone Developer";
				COPY_PHASE_STRIP = NO;
				DEBUG_INFORMATION_FORMAT = dwarf;
				ENABLE_STRICT_OBJC_MSGSEND = YES;
				ENABLE_TESTABILITY = YES;
				GCC_C_LANGUAGE_STANDARD = gnu99;
				GCC_DYNAMIC_NO_PIC = NO;
				GCC_NO_COMMON_BLOCKS = YES;
				GCC_OPTIMIZATION_LEVEL = 0;
				GCC_PREPROCESSOR_DEFINITIONS = (
					"DEBUG=1",
					"$(inherited)",
				);
				GCC_WARN_64_TO_32_BIT_CONVERSION = YES;
				GCC_WARN_ABOUT_RETURN_TYPE = YES_ERROR;
				GCC_WARN_UNDECLARED_SELECTOR = YES;
				GCC_WARN_UNINITIALIZED_AUTOS = YES_AGGRESSIVE;
				GCC_WARN_UNUSED_FUNCTION = YES;
				GCC_WARN_UNUSED_VARIABLE = YES;
				IPHONEOS_DEPLOYMENT_TARGET = 9.2;
				MTL_ENABLE_DEBUG_INFO = YES;
				ONLY_ACTIVE_ARCH = YES;
				SDKROOT = iphoneos;
				SWIFT_OPTIMIZATION_LEVEL = "-Onone";
			};
			name = Debug;
		};
		DB64DCEA1C58D52900B8A8EA /* Release */ = {
			isa = XCBuildConfiguration;
			buildSettings = {
				ALWAYS_SEARCH_USER_PATHS = NO;
				CLANG_CXX_LANGUAGE_STANDARD = "gnu++0x";
				CLANG_CXX_LIBRARY = "libc++";
				CLANG_ENABLE_MODULES = YES;
				CLANG_ENABLE_OBJC_ARC = YES;
				CLANG_WARN_BOOL_CONVERSION = YES;
				CLANG_WARN_CONSTANT_CONVERSION = YES;
				CLANG_WARN_DIRECT_OBJC_ISA_USAGE = YES_ERROR;
				CLANG_WARN_EMPTY_BODY = YES;
				CLANG_WARN_ENUM_CONVERSION = YES;
				CLANG_WARN_INT_CONVERSION = YES;
				CLANG_WARN_OBJC_ROOT_CLASS = YES_ERROR;
				CLANG_WARN_UNREACHABLE_CODE = YES;
				CLANG_WARN__DUPLICATE_METHOD_MATCH = YES;
				"CODE_SIGN_IDENTITY[sdk=iphoneos*]" = "iPhone Developer";
				COPY_PHASE_STRIP = NO;
				DEBUG_INFORMATION_FORMAT = "dwarf-with-dsym";
				ENABLE_NS_ASSERTIONS = NO;
				ENABLE_STRICT_OBJC_MSGSEND = YES;
				GCC_C_LANGUAGE_STANDARD = gnu99;
				GCC_NO_COMMON_BLOCKS = YES;
				GCC_WARN_64_TO_32_BIT_CONVERSION = YES;
				GCC_WARN_ABOUT_RETURN_TYPE = YES_ERROR;
				GCC_WARN_UNDECLARED_SELECTOR = YES;
				GCC_WARN_UNINITIALIZED_AUTOS = YES_AGGRESSIVE;
				GCC_WARN_UNUSED_FUNCTION = YES;
				GCC_WARN_UNUSED_VARIABLE = YES;
				IPHONEOS_DEPLOYMENT_TARGET = 9.2;
				MTL_ENABLE_DEBUG_INFO = NO;
				SDKROOT = iphoneos;
				VALIDATE_PRODUCT = YES;
			};
			name = Release;
		};
		DB64DCEC1C58D52900B8A8EA /* Debug */ = {
			isa = XCBuildConfiguration;
			buildSettings = {
				ASSETCATALOG_COMPILER_APPICON_NAME = AppIcon;
				INFOPLIST_FILE = LocationDemo/Info.plist;
				LD_RUNPATH_SEARCH_PATHS = "$(inherited) @executable_path/Frameworks";
				PRODUCT_BUNDLE_IDENTIFIER = com.Zen.LocationDemo;
				PRODUCT_NAME = "$(TARGET_NAME)";
			};
			name = Debug;
		};
		DB64DCED1C58D52900B8A8EA /* Release */ = {
			isa = XCBuildConfiguration;
			buildSettings = {
				ASSETCATALOG_COMPILER_APPICON_NAME = AppIcon;
				INFOPLIST_FILE = LocationDemo/Info.plist;
				LD_RUNPATH_SEARCH_PATHS = "$(inherited) @executable_path/Frameworks";
				PRODUCT_BUNDLE_IDENTIFIER = com.Zen.LocationDemo;
				PRODUCT_NAME = "$(TARGET_NAME)";
			};
			name = Release;
		};
/* End XCBuildConfiguration section */

/* Begin XCConfigurationList section */
		DB64DCD41C58D52900B8A8EA /* Build configuration list for PBXProject "LocationDemo" */ = {
			isa = XCConfigurationList;
			buildConfigurations = (
				DB64DCE91C58D52900B8A8EA /* Debug */,
				DB64DCEA1C58D52900B8A8EA /* Release */,
			);
			defaultConfigurationIsVisible = 0;
			defaultConfigurationName = Release;
		};
		DB64DCEB1C58D52900B8A8EA /* Build configuration list for PBXNativeTarget "LocationDemo" */ = {
			isa = XCConfigurationList;
			buildConfigurations = (
				DB64DCEC1C58D52900B8A8EA /* Debug */,
				DB64DCED1C58D52900B8A8EA /* Release */,
			);
			defaultConfigurationIsVisible = 0;
		};
/* End XCConfigurationList section */
	};
	rootObject = DB64DCD11C58D52900B8A8EA /* Project object */;
}
